// !$*UTF8*$!
{
	archiveVersion = 1;
	classes = {
	};
	objectVersion = 50;
	objects = {

/* Begin PBXBuildFile section */
		2562679C24A5AAA6000311B0 /* AppDelegate.swift in Sources */ = {isa = PBXBuildFile; fileRef = 2562679B24A5AAA6000311B0 /* AppDelegate.swift */; };
		2562679E24A5AAA6000311B0 /* SceneDelegate.swift in Sources */ = {isa = PBXBuildFile; fileRef = 2562679D24A5AAA6000311B0 /* SceneDelegate.swift */; };
		256267A024A5AAA6000311B0 /* ViewController.swift in Sources */ = {isa = PBXBuildFile; fileRef = 2562679F24A5AAA6000311B0 /* ViewController.swift */; };
		256267A324A5AAA6000311B0 /* Main.storyboard in Resources */ = {isa = PBXBuildFile; fileRef = 256267A124A5AAA6000311B0 /* Main.storyboard */; };
		256267A624A5AAA6000311B0 /* myProject.xcdatamodeld in Sources */ = {isa = PBXBuildFile; fileRef = 256267A424A5AAA6000311B0 /* myProject.xcdatamodeld */; };
		256267A824A5AAA8000311B0 /* Assets.xcassets in Resources */ = {isa = PBXBuildFile; fileRef = 256267A724A5AAA8000311B0 /* Assets.xcassets */; };
		256267AB24A5AAA8000311B0 /* LaunchScreen.storyboard in Resources */ = {isa = PBXBuildFile; fileRef = 256267A924A5AAA8000311B0 /* LaunchScreen.storyboard */; };
		256267B624A5AAA8000311B0 /* myProjectTests.swift in Sources */ = {isa = PBXBuildFile; fileRef = 256267B524A5AAA8000311B0 /* myProjectTests.swift */; };
		256267C124A5AAA8000311B0 /* myProjectUITests.swift in Sources */ = {isa = PBXBuildFile; fileRef = 256267C024A5AAA8000311B0 /* myProjectUITests.swift */; };
/* End PBXBuildFile section */

/* Begin PBXContainerItemProxy section */
		256267B224A5AAA8000311B0 /* PBXContainerItemProxy */ = {
			isa = PBXContainerItemProxy;
			containerPortal = 2562679024A5AAA6000311B0 /* Project object */;
			proxyType = 1;
			remoteGlobalIDString = 2562679724A5AAA6000311B0;
			remoteInfo = myProject;
		};
		256267BD24A5AAA8000311B0 /* PBXContainerItemProxy */ = {
			isa = PBXContainerItemProxy;
			containerPortal = 2562679024A5AAA6000311B0 /* Project object */;
			proxyType = 1;
			remoteGlobalIDString = 2562679724A5AAA6000311B0;
			remoteInfo = myProject;
		};
/* End PBXContainerItemProxy section */

/* Begin PBXFileReference section */
		2562679824A5AAA6000311B0 /* myProject.app */ = {isa = PBXFileReference; explicitFileType = wrapper.application; includeInIndex = 0; path = myProject.app; sourceTree = BUILT_PRODUCTS_DIR; };
		2562679B24A5AAA6000311B0 /* AppDelegate.swift */ = {isa = PBXFileReference; lastKnownFileType = sourcecode.swift; path = AppDelegate.swift; sourceTree = "<group>"; };
		2562679D24A5AAA6000311B0 /* SceneDelegate.swift */ = {isa = PBXFileReference; lastKnownFileType = sourcecode.swift; path = SceneDelegate.swift; sourceTree = "<group>"; };
		2562679F24A5AAA6000311B0 /* ViewController.swift */ = {isa = PBXFileReference; lastKnownFileType = sourcecode.swift; path = ViewController.swift; sourceTree = "<group>"; };
		256267A224A5AAA6000311B0 /* Base */ = {isa = PBXFileReference; lastKnownFileType = file.storyboard; name = Base; path = Base.lproj/Main.storyboard; sourceTree = "<group>"; };
		256267A524A5AAA6000311B0 /* myProject.xcdatamodel */ = {isa = PBXFileReference; lastKnownFileType = wrapper.xcdatamodel; path = myProject.xcdatamodel; sourceTree = "<group>"; };
		256267A724A5AAA8000311B0 /* Assets.xcassets */ = {isa = PBXFileReference; lastKnownFileType = folder.assetcatalog; path = Assets.xcassets; sourceTree = "<group>"; };
		256267AA24A5AAA8000311B0 /* Base */ = {isa = PBXFileReference; lastKnownFileType = file.storyboard; name = Base; path = Base.lproj/LaunchScreen.storyboard; sourceTree = "<group>"; };
		256267AC24A5AAA8000311B0 /* Info.plist */ = {isa = PBXFileReference; lastKnownFileType = text.plist.xml; path = Info.plist; sourceTree = "<group>"; };
		256267B124A5AAA8000311B0 /* myProjectTests.xctest */ = {isa = PBXFileReference; explicitFileType = wrapper.cfbundle; includeInIndex = 0; path = myProjectTests.xctest; sourceTree = BUILT_PRODUCTS_DIR; };
		256267B524A5AAA8000311B0 /* myProjectTests.swift */ = {isa = PBXFileReference; lastKnownFileType = sourcecode.swift; path = myProjectTests.swift; sourceTree = "<group>"; };
		256267B724A5AAA8000311B0 /* Info.plist */ = {isa = PBXFileReference; lastKnownFileType = text.plist.xml; path = Info.plist; sourceTree = "<group>"; };
		256267BC24A5AAA8000311B0 /* myProjectUITests.xctest */ = {isa = PBXFileReference; explicitFileType = wrapper.cfbundle; includeInIndex = 0; path = myProjectUITests.xctest; sourceTree = BUILT_PRODUCTS_DIR; };
		256267C024A5AAA8000311B0 /* myProjectUITests.swift */ = {isa = PBXFileReference; lastKnownFileType = sourcecode.swift; path = myProjectUITests.swift; sourceTree = "<group>"; };
		256267C224A5AAA8000311B0 /* Info.plist */ = {isa = PBXFileReference; lastKnownFileType = text.plist.xml; path = Info.plist; sourceTree = "<group>"; };
/* End PBXFileReference section */

/* Begin PBXFrameworksBuildPhase section */
		2562679524A5AAA6000311B0 /* Frameworks */ = {
			isa = PBXFrameworksBuildPhase;
			buildActionMask = 2147483647;
			files = (
			);
			runOnlyForDeploymentPostprocessing = 0;
		};
		256267AE24A5AAA8000311B0 /* Frameworks */ = {
			isa = PBXFrameworksBuildPhase;
			buildActionMask = 2147483647;
			files = (
			);
			runOnlyForDeploymentPostprocessing = 0;
		};
		256267B924A5AAA8000311B0 /* Frameworks */ = {
			isa = PBXFrameworksBuildPhase;
			buildActionMask = 2147483647;
			files = (
			);
			runOnlyForDeploymentPostprocessing = 0;
		};
/* End PBXFrameworksBuildPhase section */

/* Begin PBXGroup section */
		2562678F24A5AAA6000311B0 = {
			isa = PBXGroup;
			children = (
				2562679A24A5AAA6000311B0 /* myProject */,
				256267B424A5AAA8000311B0 /* myProjectTests */,
				256267BF24A5AAA8000311B0 /* myProjectUITests */,
				2562679924A5AAA6000311B0 /* Products */,
			);
			sourceTree = "<group>";
		};
		2562679924A5AAA6000311B0 /* Products */ = {
			isa = PBXGroup;
			children = (
				2562679824A5AAA6000311B0 /* myProject.app */,
				256267B124A5AAA8000311B0 /* myProjectTests.xctest */,
				256267BC24A5AAA8000311B0 /* myProjectUITests.xctest */,
			);
			name = Products;
			sourceTree = "<group>";
		};
		2562679A24A5AAA6000311B0 /* myProject */ = {
			isa = PBXGroup;
			children = (
				2562679B24A5AAA6000311B0 /* AppDelegate.swift */,
				2562679D24A5AAA6000311B0 /* SceneDelegate.swift */,
				2562679F24A5AAA6000311B0 /* ViewController.swift */,
				256267A124A5AAA6000311B0 /* Main.storyboard */,
				256267A724A5AAA8000311B0 /* Assets.xcassets */,
				256267A924A5AAA8000311B0 /* LaunchScreen.storyboard */,
				256267AC24A5AAA8000311B0 /* Info.plist */,
				256267A424A5AAA6000311B0 /* myProject.xcdatamodeld */,
			);
			path = myProject;
			sourceTree = "<group>";
		};
		256267B424A5AAA8000311B0 /* myProjectTests */ = {
			isa = PBXGroup;
			children = (
				256267B524A5AAA8000311B0 /* myProjectTests.swift */,
				256267B724A5AAA8000311B0 /* Info.plist */,
			);
			path = myProjectTests;
			sourceTree = "<group>";
		};
		256267BF24A5AAA8000311B0 /* myProjectUITests */ = {
			isa = PBXGroup;
			children = (
				256267C024A5AAA8000311B0 /* myProjectUITests.swift */,
				256267C224A5AAA8000311B0 /* Info.plist */,
			);
			path = myProjectUITests;
			sourceTree = "<group>";
		};
/* End PBXGroup section */

/* Begin PBXNativeTarget section */
		2562679724A5AAA6000311B0 /* myProject */ = {
			isa = PBXNativeTarget;
			buildConfigurationList = 256267C524A5AAA8000311B0 /* Build configuration list for PBXNativeTarget "myProject" */;
			buildPhases = (
				2562679424A5AAA6000311B0 /* Sources */,
				2562679524A5AAA6000311B0 /* Frameworks */,
				2562679624A5AAA6000311B0 /* Resources */,
			);
			buildRules = (
			);
			dependencies = (
			);
			name = myProject;
			productName = myProject;
			productReference = 2562679824A5AAA6000311B0 /* myProject.app */;
			productType = "com.apple.product-type.application";
		};
		256267B024A5AAA8000311B0 /* myProjectTests */ = {
			isa = PBXNativeTarget;
			buildConfigurationList = 256267C824A5AAA8000311B0 /* Build configuration list for PBXNativeTarget "myProjectTests" */;
			buildPhases = (
				256267AD24A5AAA8000311B0 /* Sources */,
				256267AE24A5AAA8000311B0 /* Frameworks */,
				256267AF24A5AAA8000311B0 /* Resources */,
			);
			buildRules = (
			);
			dependencies = (
				256267B324A5AAA8000311B0 /* PBXTargetDependency */,
			);
			name = myProjectTests;
			productName = myProjectTests;
			productReference = 256267B124A5AAA8000311B0 /* myProjectTests.xctest */;
			productType = "com.apple.product-type.bundle.unit-test";
		};
		256267BB24A5AAA8000311B0 /* myProjectUITests */ = {
			isa = PBXNativeTarget;
			buildConfigurationList = 256267CB24A5AAA8000311B0 /* Build configuration list for PBXNativeTarget "myProjectUITests" */;
			buildPhases = (
				256267B824A5AAA8000311B0 /* Sources */,
				256267B924A5AAA8000311B0 /* Frameworks */,
				256267BA24A5AAA8000311B0 /* Resources */,
			);
			buildRules = (
			);
			dependencies = (
				256267BE24A5AAA8000311B0 /* PBXTargetDependency */,
			);
			name = myProjectUITests;
			productName = myProjectUITests;
			productReference = 256267BC24A5AAA8000311B0 /* myProjectUITests.xctest */;
			productType = "com.apple.product-type.bundle.ui-testing";
		};
/* End PBXNativeTarget section */

/* Begin PBXProject section */
		2562679024A5AAA6000311B0 /* Project object */ = {
			isa = PBXProject;
			attributes = {
				LastSwiftUpdateCheck = 1130;
				LastUpgradeCheck = 1130;
				ORGANIZATIONNAME = "Nikunj Prajapati";
				TargetAttributes = {
					2562679724A5AAA6000311B0 = {
						CreatedOnToolsVersion = 11.3.1;
					};
					256267B024A5AAA8000311B0 = {
						CreatedOnToolsVersion = 11.3.1;
						TestTargetID = 2562679724A5AAA6000311B0;
					};
					256267BB24A5AAA8000311B0 = {
						CreatedOnToolsVersion = 11.3.1;
						TestTargetID = 2562679724A5AAA6000311B0;
					};
				};
			};
			buildConfigurationList = 2562679324A5AAA6000311B0 /* Build configuration list for PBXProject "myProject" */;
			compatibilityVersion = "Xcode 9.3";
			developmentRegion = en;
			hasScannedForEncodings = 0;
			knownRegions = (
				en,
				Base,
			);
			mainGroup = 2562678F24A5AAA6000311B0;
			productRefGroup = 2562679924A5AAA6000311B0 /* Products */;
			projectDirPath = "";
			projectRoot = "";
			targets = (
				2562679724A5AAA6000311B0 /* myProject */,
				256267B024A5AAA8000311B0 /* myProjectTests */,
				256267BB24A5AAA8000311B0 /* myProjectUITests */,
			);
		};
/* End PBXProject section */

/* Begin PBXResourcesBuildPhase section */
		2562679624A5AAA6000311B0 /* Resources */ = {
			isa = PBXResourcesBuildPhase;
			buildActionMask = 2147483647;
			files = (
				256267AB24A5AAA8000311B0 /* LaunchScreen.storyboard in Resources */,
				256267A824A5AAA8000311B0 /* Assets.xcassets in Resources */,
				256267A324A5AAA6000311B0 /* Main.storyboard in Resources */,
			);
			runOnlyForDeploymentPostprocessing = 0;
		};
		256267AF24A5AAA8000311B0 /* Resources */ = {
			isa = PBXResourcesBuildPhase;
			buildActionMask = 2147483647;
			files = (
			);
			runOnlyForDeploymentPostprocessing = 0;
		};
		256267BA24A5AAA8000311B0 /* Resources */ = {
			isa = PBXResourcesBuildPhase;
			buildActionMask = 2147483647;
			files = (
			);
			runOnlyForDeploymentPostprocessing = 0;
		};
/* End PBXResourcesBuildPhase section */

/* Begin PBXSourcesBuildPhase section */
		2562679424A5AAA6000311B0 /* Sources */ = {
			isa = PBXSourcesBuildPhase;
			buildActionMask = 2147483647;
			files = (
				256267A024A5AAA6000311B0 /* ViewController.swift in Sources */,
				2562679C24A5AAA6000311B0 /* AppDelegate.swift in Sources */,
				2562679E24A5AAA6000311B0 /* SceneDelegate.swift in Sources */,
				256267A624A5AAA6000311B0 /* myProject.xcdatamodeld in Sources */,
			);
			runOnlyForDeploymentPostprocessing = 0;
		};
		256267AD24A5AAA8000311B0 /* Sources */ = {
			isa = PBXSourcesBuildPhase;
			buildActionMask = 2147483647;
			files = (
				256267B624A5AAA8000311B0 /* myProjectTests.swift in Sources */,
			);
			runOnlyForDeploymentPostprocessing = 0;
		};
		256267B824A5AAA8000311B0 /* Sources */ = {
			isa = PBXSourcesBuildPhase;
			buildActionMask = 2147483647;
			files = (
				256267C124A5AAA8000311B0 /* myProjectUITests.swift in Sources */,
			);
			runOnlyForDeploymentPostprocessing = 0;
		};
/* End PBXSourcesBuildPhase section */

/* Begin PBXTargetDependency section */
		256267B324A5AAA8000311B0 /* PBXTargetDependency */ = {
			isa = PBXTargetDependency;
			target = 2562679724A5AAA6000311B0 /* myProject */;
			targetProxy = 256267B224A5AAA8000311B0 /* PBXContainerItemProxy */;
		};
		256267BE24A5AAA8000311B0 /* PBXTargetDependency */ = {
			isa = PBXTargetDependency;
			target = 2562679724A5AAA6000311B0 /* myProject */;
			targetProxy = 256267BD24A5AAA8000311B0 /* PBXContainerItemProxy */;
		};
/* End PBXTargetDependency section */

/* Begin PBXVariantGroup section */
		256267A124A5AAA6000311B0 /* Main.storyboard */ = {
			isa = PBXVariantGroup;
			children = (
				256267A224A5AAA6000311B0 /* Base */,
			);
			name = Main.storyboard;
			sourceTree = "<group>";
		};
		256267A924A5AAA8000311B0 /* LaunchScreen.storyboard */ = {
			isa = PBXVariantGroup;
			children = (
				256267AA24A5AAA8000311B0 /* Base */,
			);
			name = LaunchScreen.storyboard;
			sourceTree = "<group>";
		};
/* End PBXVariantGroup section */

/* Begin XCBuildConfiguration section */
		256267C324A5AAA8000311B0 /* Debug */ = {
			isa = XCBuildConfiguration;
			buildSettings = {
				ALWAYS_SEARCH_USER_PATHS = NO;
				CLANG_ANALYZER_NONNULL = YES;
				CLANG_ANALYZER_NUMBER_OBJECT_CONVERSION = YES_AGGRESSIVE;
				CLANG_CXX_LANGUAGE_STANDARD = "gnu++14";
				CLANG_CXX_LIBRARY = "libc++";
				CLANG_ENABLE_MODULES = YES;
				CLANG_ENABLE_OBJC_ARC = YES;
				CLANG_ENABLE_OBJC_WEAK = YES;
				CLANG_WARN_BLOCK_CAPTURE_AUTORELEASING = YES;
				CLANG_WARN_BOOL_CONVERSION = YES;
				CLANG_WARN_COMMA = YES;
				CLANG_WARN_CONSTANT_CONVERSION = YES;
				CLANG_WARN_DEPRECATED_OBJC_IMPLEMENTATIONS = YES;
				CLANG_WARN_DIRECT_OBJC_ISA_USAGE = YES_ERROR;
				CLANG_WARN_DOCUMENTATION_COMMENTS = YES;
				CLANG_WARN_EMPTY_BODY = YES;
				CLANG_WARN_ENUM_CONVERSION = YES;
				CLANG_WARN_INFINITE_RECURSION = YES;
				CLANG_WARN_INT_CONVERSION = YES;
				CLANG_WARN_NON_LITERAL_NULL_CONVERSION = YES;
				CLANG_WARN_OBJC_IMPLICIT_RETAIN_SELF = YES;
				CLANG_WARN_OBJC_LITERAL_CONVERSION = YES;
				CLANG_WARN_OBJC_ROOT_CLASS = YES_ERROR;
				CLANG_WARN_RANGE_LOOP_ANALYSIS = YES;
				CLANG_WARN_STRICT_PROTOTYPES = YES;
				CLANG_WARN_SUSPICIOUS_MOVE = YES;
				CLANG_WARN_UNGUARDED_AVAILABILITY = YES_AGGRESSIVE;
				CLANG_WARN_UNREACHABLE_CODE = YES;
				CLANG_WARN__DUPLICATE_METHOD_MATCH = YES;
				COPY_PHASE_STRIP = NO;
				DEBUG_INFORMATION_FORMAT = dwarf;
				ENABLE_STRICT_OBJC_MSGSEND = YES;
				ENABLE_TESTABILITY = YES;
				GCC_C_LANGUAGE_STANDARD = gnu11;
				GCC_DYNAMIC_NO_PIC = NO;
				GCC_NO_COMMON_BLOCKS = YES;
				GCC_OPTIMIZATION_LEVEL = 0;
				GCC_PREPROCESSOR_DEFINITIONS = (
					"DEBUG=1",
					"$(inherited)",
				);
				GCC_WARN_64_TO_32_BIT_CONVERSION = YES;
				GCC_WARN_ABOUT_RETURN_TYPE = YES_ERROR;
				GCC_WARN_UNDECLARED_SELECTOR = YES;
				GCC_WARN_UNINITIALIZED_AUTOS = YES_AGGRESSIVE;
				GCC_WARN_UNUSED_FUNCTION = YES;
				GCC_WARN_UNUSED_VARIABLE = YES;
				IPHONEOS_DEPLOYMENT_TARGET = 13.2;
				MTL_ENABLE_DEBUG_INFO = INCLUDE_SOURCE;
				MTL_FAST_MATH = YES;
				ONLY_ACTIVE_ARCH = YES;
				SDKROOT = iphoneos;
				SWIFT_ACTIVE_COMPILATION_CONDITIONS = DEBUG;
				SWIFT_OPTIMIZATION_LEVEL = "-Onone";
			};
			name = Debug;
		};
		256267C424A5AAA8000311B0 /* Release */ = {
			isa = XCBuildConfiguration;
			buildSettings = {
				ALWAYS_SEARCH_USER_PATHS = NO;
				CLANG_ANALYZER_NONNULL = YES;
				CLANG_ANALYZER_NUMBER_OBJECT_CONVERSION = YES_AGGRESSIVE;
				CLANG_CXX_LANGUAGE_STANDARD = "gnu++14";
				CLANG_CXX_LIBRARY = "libc++";
				CLANG_ENABLE_MODULES = YES;
				CLANG_ENABLE_OBJC_ARC = YES;
				CLANG_ENABLE_OBJC_WEAK = YES;
				CLANG_WARN_BLOCK_CAPTURE_AUTORELEASING = YES;
				CLANG_WARN_BOOL_CONVERSION = YES;
				CLANG_WARN_COMMA = YES;
				CLANG_WARN_CONSTANT_CONVERSION = YES;
				CLANG_WARN_DEPRECATED_OBJC_IMPLEMENTATIONS = YES;
				CLANG_WARN_DIRECT_OBJC_ISA_USAGE = YES_ERROR;
				CLANG_WARN_DOCUMENTATION_COMMENTS = YES;
				CLANG_WARN_EMPTY_BODY = YES;
				CLANG_WARN_ENUM_CONVERSION = YES;
				CLANG_WARN_INFINITE_RECURSION = YES;
				CLANG_WARN_INT_CONVERSION = YES;
				CLANG_WARN_NON_LITERAL_NULL_CONVERSION = YES;
				CLANG_WARN_OBJC_IMPLICIT_RETAIN_SELF = YES;
				CLANG_WARN_OBJC_LITERAL_CONVERSION = YES;
				CLANG_WARN_OBJC_ROOT_CLASS = YES_ERROR;
				CLANG_WARN_RANGE_LOOP_ANALYSIS = YES;
				CLANG_WARN_STRICT_PROTOTYPES = YES;
				CLANG_WARN_SUSPICIOUS_MOVE = YES;
				CLANG_WARN_UNGUARDED_AVAILABILITY = YES_AGGRESSIVE;
				CLANG_WARN_UNREACHABLE_CODE = YES;
				CLANG_WARN__DUPLICATE_METHOD_MATCH = YES;
				COPY_PHASE_STRIP = NO;
				DEBUG_INFORMATION_FORMAT = "dwarf-with-dsym";
				ENABLE_NS_ASSERTIONS = NO;
				ENABLE_STRICT_OBJC_MSGSEND = YES;
				GCC_C_LANGUAGE_STANDARD = gnu11;
				GCC_NO_COMMON_BLOCKS = YES;
				GCC_WARN_64_TO_32_BIT_CONVERSION = YES;
				GCC_WARN_ABOUT_RETURN_TYPE = YES_ERROR;
				GCC_WARN_UNDECLARED_SELECTOR = YES;
				GCC_WARN_UNINITIALIZED_AUTOS = YES_AGGRESSIVE;
				GCC_WARN_UNUSED_FUNCTION = YES;
				GCC_WARN_UNUSED_VARIABLE = YES;
				IPHONEOS_DEPLOYMENT_TARGET = 13.2;
				MTL_ENABLE_DEBUG_INFO = NO;
				MTL_FAST_MATH = YES;
				SDKROOT = iphoneos;
				SWIFT_COMPILATION_MODE = wholemodule;
				SWIFT_OPTIMIZATION_LEVEL = "-O";
				VALIDATE_PRODUCT = YES;
			};
			name = Release;
		};
		256267C624A5AAA8000311B0 /* Debug */ = {
			isa = XCBuildConfiguration;
			buildSettings = {
				ASSETCATALOG_COMPILER_APPICON_NAME = AppIcon;
				CODE_SIGN_STYLE = Automatic;
				INFOPLIST_FILE = myProject/Info.plist;
				LD_RUNPATH_SEARCH_PATHS = (
					"$(inherited)",
					"@executable_path/Frameworks",
				);
				PRODUCT_BUNDLE_IDENTIFIER = Nikunj.myProject;
				PRODUCT_NAME = "$(TARGET_NAME)";
				SWIFT_VERSION = 5.0;
				TARGETED_DEVICE_FAMILY = "1,2";
			};
			name = Debug;
		};
		256267C724A5AAA8000311B0 /* Release */ = {
			isa = XCBuildConfiguration;
			buildSettings = {
				ASSETCATALOG_COMPILER_APPICON_NAME = AppIcon;
				CODE_SIGN_STYLE = Automatic;
				INFOPLIST_FILE = myProject/Info.plist;
				LD_RUNPATH_SEARCH_PATHS = (
					"$(inherited)",
					"@executable_path/Frameworks",
				);
				PRODUCT_BUNDLE_IDENTIFIER = Nikunj.myProject;
				PRODUCT_NAME = "$(TARGET_NAME)";
				SWIFT_VERSION = 5.0;
				TARGETED_DEVICE_FAMILY = "1,2";
			};
			name = Release;
		};
		256267C924A5AAA8000311B0 /* Debug */ = {
			isa = XCBuildConfiguration;
			buildSettings = {
				ALWAYS_EMBED_SWIFT_STANDARD_LIBRARIES = YES;
				BUNDLE_LOADER = "$(TEST_HOST)";
				CODE_SIGN_STYLE = Automatic;
				INFOPLIST_FILE = myProjectTests/Info.plist;
				IPHONEOS_DEPLOYMENT_TARGET = 13.2;
				LD_RUNPATH_SEARCH_PATHS = (
					"$(inherited)",
					"@executable_path/Frameworks",
					"@loader_path/Frameworks",
				);
				PRODUCT_BUNDLE_IDENTIFIER = Nikunj.myProjectTests;
				PRODUCT_NAME = "$(TARGET_NAME)";
				SWIFT_VERSION = 5.0;
				TARGETED_DEVICE_FAMILY = "1,2";
				TEST_HOST = "$(BUILT_PRODUCTS_DIR)/myProject.app/myProject";
			};
			name = Debug;
		};
		256267CA24A5AAA8000311B0 /* Release */ = {
			isa = XCBuildConfiguration;
			buildSettings = {
				ALWAYS_EMBED_SWIFT_STANDARD_LIBRARIES = YES;
				BUNDLE_LOADER = "$(TEST_HOST)";
				CODE_SIGN_STYLE = Automatic;
				INFOPLIST_FILE = myProjectTests/Info.plist;
				IPHONEOS_DEPLOYMENT_TARGET = 13.2;
				LD_RUNPATH_SEARCH_PATHS = (
					"$(inherited)",
					"@executable_path/Frameworks",
					"@loader_path/Frameworks",
				);
				PRODUCT_BUNDLE_IDENTIFIER = Nikunj.myProjectTests;
				PRODUCT_NAME = "$(TARGET_NAME)";
				SWIFT_VERSION = 5.0;
				TARGETED_DEVICE_FAMILY = "1,2";
				TEST_HOST = "$(BUILT_PRODUCTS_DIR)/myProject.app/myProject";
			};
			name = Release;
		};
		256267CC24A5AAA8000311B0 /* Debug */ = {
			isa = XCBuildConfiguration;
			buildSettings = {
				ALWAYS_EMBED_SWIFT_STANDARD_LIBRARIES = YES;
				CODE_SIGN_STYLE = Automatic;
				INFOPLIST_FILE = myProjectUITests/Info.plist;
				LD_RUNPATH_SEARCH_PATHS = (
					"$(inherited)",
					"@executable_path/Frameworks",
					"@loader_path/Frameworks",
				);
				PRODUCT_BUNDLE_IDENTIFIER = Nikunj.myProjectUITests;
				PRODUCT_NAME = "$(TARGET_NAME)";
				SWIFT_VERSION = 5.0;
				TARGETED_DEVICE_FAMILY = "1,2";
				TEST_TARGET_NAME = myProject;
			};
			name = Debug;
		};
		256267CD24A5AAA8000311B0 /* Release */ = {
			isa = XCBuildConfiguration;
			buildSettings = {
				ALWAYS_EMBED_SWIFT_STANDARD_LIBRARIES = YES;
				CODE_SIGN_STYLE = Automatic;
				INFOPLIST_FILE = myProjectUITests/Info.plist;
				LD_RUNPATH_SEARCH_PATHS = (
					"$(inherited)",
					"@executable_path/Frameworks",
					"@loader_path/Frameworks",
				);
				PRODUCT_BUNDLE_IDENTIFIER = Nikunj.myProjectUITests;
				PRODUCT_NAME = "$(TARGET_NAME)";
				SWIFT_VERSION = 5.0;
				TARGETED_DEVICE_FAMILY = "1,2";
				TEST_TARGET_NAME = myProject;
			};
			name = Release;
		};
/* End XCBuildConfiguration section */

/* Begin XCConfigurationList section */
		2562679324A5AAA6000311B0 /* Build configuration list for PBXProject "myProject" */ = {
			isa = XCConfigurationList;
			buildConfigurations = (
				256267C324A5AAA8000311B0 /* Debug */,
				256267C424A5AAA8000311B0 /* Release */,
			);
			defaultConfigurationIsVisible = 0;
			defaultConfigurationName = Release;
		};
		256267C524A5AAA8000311B0 /* Build configuration list for PBXNativeTarget "myProject" */ = {
			isa = XCConfigurationList;
			buildConfigurations = (
				256267C624A5AAA8000311B0 /* Debug */,
				256267C724A5AAA8000311B0 /* Release */,
			);
			defaultConfigurationIsVisible = 0;
			defaultConfigurationName = Release;
		};
		256267C824A5AAA8000311B0 /* Build configuration list for PBXNativeTarget "myProjectTests" */ = {
			isa = XCConfigurationList;
			buildConfigurations = (
				256267C924A5AAA8000311B0 /* Debug */,
				256267CA24A5AAA8000311B0 /* Release */,
			);
			defaultConfigurationIsVisible = 0;
			defaultConfigurationName = Release;
		};
		256267CB24A5AAA8000311B0 /* Build configuration list for PBXNativeTarget "myProjectUITests" */ = {
			isa = XCConfigurationList;
			buildConfigurations = (
				256267CC24A5AAA8000311B0 /* Debug */,
				256267CD24A5AAA8000311B0 /* Release */,
			);
			defaultConfigurationIsVisible = 0;
			defaultConfigurationName = Release;
		};
/* End XCConfigurationList section */

/* Begin XCVersionGroup section */
		256267A424A5AAA6000311B0 /* myProject.xcdatamodeld */ = {
			isa = XCVersionGroup;
			children = (
				256267A524A5AAA6000311B0 /* myProject.xcdatamodel */,
			);
			currentVersion = 256267A524A5AAA6000311B0 /* myProject.xcdatamodel */;
			path = myProject.xcdatamodeld;
			sourceTree = "<group>";
			versionGroupType = wrapper.xcdatamodel;
		};
/* End XCVersionGroup section */
	};
	rootObject = 2562679024A5AAA6000311B0 /* Project object */;
}
